
Microsoft Visual Studio Solution File, Format Version 12.00
# Visual Studio Version 16
VisualStudioVersion = 16.0.29728.190
MinimumVisualStudioVersion = 10.0.40219.1
Project("{FAE04EC0-301F-11D3-BF4B-00C04F79EFBC}") = "User.Api", "User.Api\User.Api.csproj", "{4E084998-3AD4-49AC-A673-A774E33A6AF5}"
EndProject
Global
	GlobalSection(SolutionConfigurationPlatforms) = preSolution
		Debug|Any CPU = Debug|Any CPU
		Release|Any CPU = Release|Any CPU
	EndGlobalSection
	GlobalSection(ProjectConfigurationPlatforms) = postSolution
		{4E084998-3AD4-49AC-A673-A774E33A6AF5}.Debug|Any CPU.ActiveCfg = Debug|Any CPU
		{4E084998-3AD4-49AC-A673-A774E33A6AF5}.Debug|Any CPU.Build.0 = Debug|Any CPU
		{4E084998-3AD4-49AC-A673-A774E33A6AF5}.Release|Any CPU.ActiveCfg = Release|Any CPU
		{4E084998-3AD4-49AC-A673-A774E33A6AF5}.Release|Any CPU.Build.0 = Release|Any CPU
	EndGlobalSection
	GlobalSection(SolutionProperties) = preSolution
		HideSolutionNode = FALSE
	EndGlobalSection
	GlobalSection(ExtensibilityGlobals) = postSolution
		SolutionGuid = {0377D805-7A0D-40CF-938A-EF31CAE0E290}
	EndGlobalSection
EndGlobal
